{
    "_meta": {
        "hash": {
            "sha256": "0ffa983ec5c681fbc63bd5904466ba87edbe89e8632363feb96a6c97b75cd419"
        },
        "pipfile-spec": 6,
        "requires": {
            "python_version": "3.12"
        },
        "sources": [
            {
                "name": "pypi",
                "url": "https://pypi.org/simple",
                "verify_ssl": true
            }
        ]
    },
    "default": {
        "absl-py": {
            "hashes": [
                "sha256:bf25b2c2eed013ca456918c453d687eab4e8309fba81ee2f4c1a6aa2494175eb",
                "sha256:e5797bc6abe45f64fd95dc06394ca3f2bedf3b5d895e9da691c9ee3397d70092"
            ],
            "markers": "python_version >= '3.8'",
            "version": "==2.2.2"
        },
        "annotated-types": {
            "hashes": [
                "sha256:1f02e8b43a8fbbc3f3e0d4f0f4bfc8131bcb4eebe8849b8e5c773f3a1c582a53",
                "sha256:aff07c09a53a08bc8cfccb9c85b05f1aa9a2a6f23728d790723543408344ce89"
            ],
            "markers": "python_version >= '3.8'",
            "version": "==0.7.0"
        },
        "anyio": {
            "hashes": [
                "sha256:673c0c244e15788651a4ff38710fea9675823028a6f08a5eda409e0c9840a028",
                "sha256:9f76d541cad6e36af7beb62e978876f3b41e3e04f2c1fbf0884604c0a9c4d93c"
            ],
            "markers": "python_version >= '3.9'",
            "version": "==4.9.0"
        },
        "click": {
            "hashes": [
                "sha256:63c132bbbed01578a06712a2d1f497bb62d9c1c0d329b7903a866228027263b2",
                "sha256:ed53c9d8990d83c2a27deae68e4ee337473f6330c040a31d4225c9574d16096a"
            ],
            "markers": "python_version >= '3.7'",
            "version": "==8.1.8"
        },
        "colorama": {
            "hashes": [
                "sha256:08695f5cb7ed6e0531a20572697297273c47b8cae5a63ffc6d6ed5c201be6e44",
                "sha256:4f1d9991f5acc0ca119f9d443620b77f9d6b33703e51011c16baf57afb285fc6"
            ],
            "markers": "python_version >= '2.7' and python_version not in '3.0, 3.1, 3.2, 3.3, 3.4, 3.5, 3.6'",
            "version": "==0.4.6"
        },
        "fastapi": {
            "hashes": [
                "sha256:1e2c2a2646905f9e83d32f04a3f86aff4a286669c6c950ca95b5fd68c2602681",
                "sha256:e94613d6c05e27be7ffebdd6ea5f388112e5e430c8f7d6494a9d1d88d43e814d"
            ],
            "index": "pypi",
            "markers": "python_version >= '3.8'",
            "version": "==0.115.12"
        },
        "filelock": {
            "hashes": [
                "sha256:adbc88eabb99d2fec8c9c1b229b171f18afa655400173ddc653d5d01501fb9f2",
                "sha256:c401f4f8377c4464e6db25fff06205fd89bdd83b65eb0488ed1b160f780e21de"
            ],
            "markers": "python_version >= '3.9'",
            "version": "==3.18.0"
        },
        "fsspec": {
            "hashes": [
                "sha256:2daf8dc3d1dfa65b6aa37748d112773a7a08416f6c70d96b264c96476ecaf711",
                "sha256:e52c77ef398680bbd6a98c0e628fbc469491282981209907bbc8aea76a04fdc6"
            ],
            "markers": "python_version >= '3.9'",
            "version": "==2025.3.2"
        },
        "h11": {
            "hashes": [
                "sha256:4e35b956cf45792e4caa5885e69fba00bdbc6ffafbfa020300e549b208ee5ff1",
                "sha256:63cf8bbe7522de3bf65932fda1d9c2772064ffb3dae62d55932da54b31cb6c86"
            ],
            "markers": "python_version >= '3.8'",
            "version": "==0.16.0"
        },
        "h5py": {
            "hashes": [
                "sha256:10894c55d46df502d82a7a4ed38f9c3fdbcb93efb42e25d275193e093071fade",
                "sha256:1870e46518720023da85d0895a1960ff2ce398c5671eac3b1a41ec696b7105c3",
                "sha256:21daf38171753899b5905f3d82c99b0b1ec2cbbe282a037cad431feb620e62ec",
                "sha256:22ffe2a25770a2d67213a1b94f58006c14dce06933a42d2aaa0318c5868d1508",
                "sha256:337af114616f3656da0c83b68fcf53ecd9ce9989a700b0883a6e7c483c3235d4",
                "sha256:357e6dc20b101a805ccfd0024731fbaf6e8718c18c09baf3b5e4e9d198d13fca",
                "sha256:477c58307b6b9a2509c59c57811afb9f598aedede24a67da808262dfa0ee37b4",
                "sha256:4f97ecde7ac6513b21cd95efdfc38dc6d19f96f6ca6f2a30550e94e551458e0a",
                "sha256:5540daee2b236d9569c950b417f13fd112d51d78b4c43012de05774908dff3f5",
                "sha256:560e71220dc92dfa254b10a4dcb12d56b574d2d87e095db20466b32a93fec3f9",
                "sha256:56dd172d862e850823c4af02dc4ddbc308f042b85472ffdaca67f1598dff4a57",
                "sha256:57c4c74f627c616f02b7aec608a8c706fe08cb5b0ba7c08555a4eb1dde20805a",
                "sha256:782ff0ac39f455f21fd1c8ebc007328f65f43d56718a89327eec76677ebf238a",
                "sha256:82690e89c72b85addf4fc4d5058fb1e387b6c14eb063b0b879bf3f42c3b93c35",
                "sha256:851ae3a8563d87a5a0dc49c2e2529c75b8842582ccaefbf84297d2cfceeacd61",
                "sha256:8a8e38ef4ceb969f832cc230c0cf808c613cc47e31e768fd7b1106c55afa1cb8",
                "sha256:9c82ece71ed1c2b807b6628e3933bc6eae57ea21dac207dca3470e3ceaaf437c",
                "sha256:be949b46b7388074c5acae017fbbe3e5ba303fd9daaa52157fdfef30bbdacadd",
                "sha256:c10f061764d8dce0a9592ce08bfd5f243a00703325c388f1086037e5d619c5f1",
                "sha256:d2cf6a231a07c14acd504a945a6e9ec115e0007f675bde5e0de30a4dc8d86a31",
                "sha256:d571644958c5e19a61c793d8d23cd02479572da828e333498c9acc463f4a3997",
                "sha256:d6f13f9b5ce549448c01e4dfe08ea8d1772e6078799af2c1c8d09e941230a90d",
                "sha256:e520ec76de00943dd017c8ea3f354fa1d2f542eac994811943a8faedf2a7d5cb",
                "sha256:e79d8368cd9295045956bfb436656bea3f915beaa11d342e9f79f129f5178763",
                "sha256:f35640e81b03c02a88b8bf99fb6a9d3023cc52f7c627694db2f379e0028f2868",
                "sha256:fb267ce4b83f9c42560e9ff4d30f60f7ae492eacf9c7ede849edf8c1b860e16b"
            ],
            "markers": "python_version >= '3.9'",
            "version": "==3.13.0"
        },
        "idna": {
            "hashes": [
                "sha256:12f65c9b470abda6dc35cf8e63cc574b1c52b11df2c86030af0ac09b01b13ea9",
                "sha256:946d195a0d259cbba61165e88e65941f16e9b36ea6ddb97f00452bae8b1287d3"
            ],
            "markers": "python_version >= '3.6'",
            "version": "==3.10"
        },
        "jinja2": {
            "hashes": [
                "sha256:0137fb05990d35f1275a587e9aee6d56da821fc83491a0fb838183be43f66d6d",
                "sha256:85ece4451f492d0c13c5dd7c13a64681a86afae63a5f347908daf103ce6d2f67"
            ],
            "markers": "python_version >= '3.7'",
            "version": "==3.1.6"
        },
        "keras": {
            "hashes": [
                "sha256:322aab6418ee3de1e2bd0871b60a07f0e444e744a7e8cba79af8b42408879ecf",
                "sha256:404427856c2dc30e38c9fa6fa6a13ffb1844a8c35af312ca32a8e7dea9840f1e"
            ],
            "index": "pypi",
            "markers": "python_version >= '3.9'",
            "version": "==3.9.2"
        },
        "markdown-it-py": {
            "hashes": [
                "sha256:355216845c60bd96232cd8d8c40e8f9765cc86f46880e43a8fd22dc1a1a8cab1",
                "sha256:e3f60a94fa066dc52ec76661e37c851cb232d92f9886b15cb560aaada2df8feb"
            ],
            "markers": "python_version >= '3.8'",
            "version": "==3.0.0"
        },
        "markupsafe": {
            "hashes": [
                "sha256:0bff5e0ae4ef2e1ae4fdf2dfd5b76c75e5c2fa4132d05fc1b0dabcd20c7e28c4",
                "sha256:0f4ca02bea9a23221c0182836703cbf8930c5e9454bacce27e767509fa286a30",
                "sha256:1225beacc926f536dc82e45f8a4d68502949dc67eea90eab715dea3a21c1b5f0",
                "sha256:131a3c7689c85f5ad20f9f6fb1b866f402c445b220c19fe4308c0b147ccd2ad9",
                "sha256:15ab75ef81add55874e7ab7055e9c397312385bd9ced94920f2802310c930396",
                "sha256:1a9d3f5f0901fdec14d8d2f66ef7d035f2157240a433441719ac9a3fba440b13",
                "sha256:1c99d261bd2d5f6b59325c92c73df481e05e57f19837bdca8413b9eac4bd8028",
                "sha256:1e084f686b92e5b83186b07e8a17fc09e38fff551f3602b249881fec658d3eca",
                "sha256:2181e67807fc2fa785d0592dc2d6206c019b9502410671cc905d132a92866557",
                "sha256:2cb8438c3cbb25e220c2ab33bb226559e7afb3baec11c4f218ffa7308603c832",
                "sha256:3169b1eefae027567d1ce6ee7cae382c57fe26e82775f460f0b2778beaad66c0",
                "sha256:3809ede931876f5b2ec92eef964286840ed3540dadf803dd570c3b7e13141a3b",
                "sha256:38a9ef736c01fccdd6600705b09dc574584b89bea478200c5fbf112a6b0d5579",
                "sha256:3d79d162e7be8f996986c064d1c7c817f6df3a77fe3d6859f6f9e7be4b8c213a",
                "sha256:444dcda765c8a838eaae23112db52f1efaf750daddb2d9ca300bcae1039adc5c",
                "sha256:48032821bbdf20f5799ff537c7ac3d1fba0ba032cfc06194faffa8cda8b560ff",
                "sha256:4aa4e5faecf353ed117801a068ebab7b7e09ffb6e1d5e412dc852e0da018126c",
                "sha256:52305740fe773d09cffb16f8ed0427942901f00adedac82ec8b67752f58a1b22",
                "sha256:569511d3b58c8791ab4c2e1285575265991e6d8f8700c7be0e88f86cb0672094",
                "sha256:57cb5a3cf367aeb1d316576250f65edec5bb3be939e9247ae594b4bcbc317dfb",
                "sha256:5b02fb34468b6aaa40dfc198d813a641e3a63b98c2b05a16b9f80b7ec314185e",
                "sha256:6381026f158fdb7c72a168278597a5e3a5222e83ea18f543112b2662a9b699c5",
                "sha256:6af100e168aa82a50e186c82875a5893c5597a0c1ccdb0d8b40240b1f28b969a",
                "sha256:6c89876f41da747c8d3677a2b540fb32ef5715f97b66eeb0c6b66f5e3ef6f59d",
                "sha256:6e296a513ca3d94054c2c881cc913116e90fd030ad1c656b3869762b754f5f8a",
                "sha256:70a87b411535ccad5ef2f1df5136506a10775d267e197e4cf531ced10537bd6b",
                "sha256:7e94c425039cde14257288fd61dcfb01963e658efbc0ff54f5306b06054700f8",
                "sha256:846ade7b71e3536c4e56b386c2a47adf5741d2d8b94ec9dc3e92e5e1ee1e2225",
                "sha256:88416bd1e65dcea10bc7569faacb2c20ce071dd1f87539ca2ab364bf6231393c",
                "sha256:88b49a3b9ff31e19998750c38e030fc7bb937398b1f78cfa599aaef92d693144",
                "sha256:8c4e8c3ce11e1f92f6536ff07154f9d49677ebaaafc32db9db4620bc11ed480f",
                "sha256:8e06879fc22a25ca47312fbe7c8264eb0b662f6db27cb2d3bbbc74b1df4b9b87",
                "sha256:9025b4018f3a1314059769c7bf15441064b2207cb3f065e6ea1e7359cb46db9d",
                "sha256:93335ca3812df2f366e80509ae119189886b0f3c2b81325d39efdb84a1e2ae93",
                "sha256:9778bd8ab0a994ebf6f84c2b949e65736d5575320a17ae8984a77fab08db94cf",
                "sha256:9e2d922824181480953426608b81967de705c3cef4d1af983af849d7bd619158",
                "sha256:a123e330ef0853c6e822384873bef7507557d8e4a082961e1defa947aa59ba84",
                "sha256:a904af0a6162c73e3edcb969eeeb53a63ceeb5d8cf642fade7d39e7963a22ddb",
                "sha256:ad10d3ded218f1039f11a75f8091880239651b52e9bb592ca27de44eed242a48",
                "sha256:b424c77b206d63d500bcb69fa55ed8d0e6a3774056bdc4839fc9298a7edca171",
                "sha256:b5a6b3ada725cea8a5e634536b1b01c30bcdcd7f9c6fff4151548d5bf6b3a36c",
                "sha256:ba8062ed2cf21c07a9e295d5b8a2a5ce678b913b45fdf68c32d95d6c1291e0b6",
                "sha256:ba9527cdd4c926ed0760bc301f6728ef34d841f405abf9d4f959c478421e4efd",
                "sha256:bbcb445fa71794da8f178f0f6d66789a28d7319071af7a496d4d507ed566270d",
                "sha256:bcf3e58998965654fdaff38e58584d8937aa3096ab5354d493c77d1fdd66d7a1",
                "sha256:c0ef13eaeee5b615fb07c9a7dadb38eac06a0608b41570d8ade51c56539e509d",
                "sha256:cabc348d87e913db6ab4aa100f01b08f481097838bdddf7c7a84b7575b7309ca",
                "sha256:cdb82a876c47801bb54a690c5ae105a46b392ac6099881cdfb9f6e95e4014c6a",
                "sha256:cfad01eed2c2e0c01fd0ecd2ef42c492f7f93902e39a42fc9ee1692961443a29",
                "sha256:d16a81a06776313e817c951135cf7340a3e91e8c1ff2fac444cfd75fffa04afe",
                "sha256:d8213e09c917a951de9d09ecee036d5c7d36cb6cb7dbaece4c71a60d79fb9798",
                "sha256:e07c3764494e3776c602c1e78e298937c3315ccc9043ead7e685b7f2b8d47b3c",
                "sha256:e17c96c14e19278594aa4841ec148115f9c7615a47382ecb6b82bd8fea3ab0c8",
                "sha256:e444a31f8db13eb18ada366ab3cf45fd4b31e4db1236a4448f68778c1d1a5a2f",
                "sha256:e6a2a455bd412959b57a172ce6328d2dd1f01cb2135efda2e4576e8a23fa3b0f",
                "sha256:eaa0a10b7f72326f1372a713e73c3f739b524b3af41feb43e4921cb529f5929a",
                "sha256:eb7972a85c54febfb25b5c4b4f3af4dcc731994c7da0d8a0b4a6eb0640e1d178",
                "sha256:ee55d3edf80167e48ea11a923c7386f4669df67d7994554387f84e7d8b0a2bf0",
                "sha256:f3818cb119498c0678015754eba762e0d61e5b52d34c8b13d770f0719f7b1d79",
                "sha256:f8b3d067f2e40fe93e1ccdd6b2e1d16c43140e76f02fb1319a05cf2b79d99430",
                "sha256:fcabf5ff6eea076f859677f5f0b6b5c1a51e70a376b0579e0eadef8db48c6b50"
            ],
            "markers": "python_version >= '3.9'",
            "version": "==3.0.2"
        },
        "mdurl": {
            "hashes": [
                "sha256:84008a41e51615a49fc9966191ff91509e3c40b939176e643fd50a5c2196b8f8",
                "sha256:bb413d29f5eea38f31dd4754dd7377d4465116fb207585f97bf925588687c1ba"
            ],
            "markers": "python_version >= '3.7'",
            "version": "==0.1.2"
        },
        "ml-dtypes": {
            "hashes": [
                "sha256:023ce2f502efd4d6c1e0472cc58ce3640d051d40e71e27386bed33901e201327",
                "sha256:05f23447a1c20ddf4dc7c2c661aa9ed93fcb2658f1017c204d1e758714dc28a8",
                "sha256:12651420130ee7cc13059fc56dac6ad300c3af3848b802d475148c9defd27c23",
                "sha256:141b2ea2f20bb10802ddca55d91fe21231ef49715cfc971998e8f2a9838f3dbe",
                "sha256:15ad0f3b0323ce96c24637a88a6f44f6713c64032f27277b069f285c3cf66478",
                "sha256:1b7fbe5571fdf28fd3aaab3ef4aafc847de9ebf263be959958c1ca58ec8eadf5",
                "sha256:26ebcc69d7b779c8f129393e99732961b5cc33fcff84090451f448c89b0e01b4",
                "sha256:6f462f5eca22fb66d7ff9c4744a3db4463af06c49816c4b6ac89b16bfcdc592e",
                "sha256:6f76232163b5b9c34291b54621ee60417601e2e4802a188a0ea7157cd9b323f4",
                "sha256:7000b6e4d8ef07542c05044ec5d8bbae1df083b3f56822c3da63993a113e716f",
                "sha256:810512e2eccdfc3b41eefa3a27402371a3411453a1efc7e9c000318196140fed",
                "sha256:8f2c028954f16ede77902b223a8da2d9cbb3892375b85809a5c3cfb1587960c4",
                "sha256:9626d0bca1fb387d5791ca36bacbba298c5ef554747b7ebeafefb4564fc83566",
                "sha256:ac5b58559bb84a95848ed6984eb8013249f90b6bab62aa5acbad876e256002c9",
                "sha256:ad4953c5eb9c25a56d11a913c2011d7e580a435ef5145f804d98efa14477d390",
                "sha256:aefedc579ece2f8fb38f876aa7698204ee4c372d0e54f1c1ffa8ca580b54cc60",
                "sha256:afb2009ac98da274e893e03162f6269398b2b00d947e7057ee2469a921d58135",
                "sha256:b8a9d46b4df5ae2135a8e8e72b465448ebbc1559997f4f9304a9ecc3413efb5b",
                "sha256:bd73f51957949069573ff783563486339a9285d72e2f36c18e0c1aa9ca7eb190",
                "sha256:bf9975bda82a99dc935f2ae4c83846d86df8fd6ba179614acac8e686910851da",
                "sha256:c09526488c3a9e8b7a23a388d4974b670a9a3dd40c5c8a61db5593ce9b725bab",
                "sha256:c9945669d3dadf8acb40ec2e57d38c985d8c285ea73af57fc5b09872c516106d",
                "sha256:d13755f8e8445b3870114e5b6240facaa7cb0c3361e54beba3e07fa912a6e12b",
                "sha256:fd918d4e6a4e0c110e2e05be7a7814d10dc1b95872accbf6512b80a109b71ae1"
            ],
            "markers": "python_version >= '3.9'",
            "version": "==0.5.1"
        },
        "mpmath": {
            "hashes": [
                "sha256:7a28eb2a9774d00c7bc92411c19a89209d5da7c4c9a9e227be8330a23a25b91f",
                "sha256:a0b2b9fe80bbcd81a6647ff13108738cfb482d481d826cc0e02f5b35e5c88d2c"
            ],
            "version": "==1.3.0"
        },
        "namex": {
            "hashes": [
                "sha256:7bd4e4a2cc3876592111609fdf4cbe6ff19883adbe6b3b40d842fd340f77025e",
                "sha256:8adfea9da5cea5be8f4e632349b4669e30172c7859e1fd97459fdf3b17469253"
            ],
            "version": "==0.0.9"
        },
        "networkx": {
            "hashes": [
                "sha256:307c3669428c5362aab27c8a1260aa8f47c4e91d3891f48be0141738d8d053e1",
                "sha256:df5d4365b724cf81b8c6a7312509d0c22386097011ad1abe274afd5e9d3bbc5f"
            ],
            "markers": "python_version >= '3.10'",
            "version": "==3.4.2"
        },
        "numpy": {
            "hashes": [
                "sha256:03a8c78d01d9781b28a6989f6fa1bb2c4f2d51201cf99d3dd875df6fbd96b23b",
                "sha256:08beddf13648eb95f8d867350f6a018a4be2e5ad54c8d8caed89ebca558b2818",
                "sha256:1af303d6b2210eb850fcf03064d364652b7120803a0b872f5211f5234b399f20",
                "sha256:1dda2e7b4ec9dd512f84935c5f126c8bd8b9f2fc001e9f54af255e8c5f16b0e0",
                "sha256:2a02aba9ed12e4ac4eb3ea9421c420301a0c6460d9830d74a9df87efa4912010",
                "sha256:2e4ee3380d6de9c9ec04745830fd9e2eccb3e6cf790d39d7b98ffd19b0dd754a",
                "sha256:3373d5d70a5fe74a2c1bb6d2cfd9609ecf686d47a2d7b1d37a8f3b6bf6003aea",
                "sha256:47711010ad8555514b434df65f7d7b076bb8261df1ca9bb78f53d3b2db02e95c",
                "sha256:4c66707fabe114439db9068ee468c26bbdf909cac0fb58686a42a24de1760c71",
                "sha256:50193e430acfc1346175fcbdaa28ffec49947a06918b7b92130744e81e640110",
                "sha256:52b8b60467cd7dd1e9ed082188b4e6bb35aa5cdd01777621a1658910745b90be",
                "sha256:60dedbb91afcbfdc9bc0b1f3f402804070deed7392c23eb7a7f07fa857868e8a",
                "sha256:62b8e4b1e28009ef2846b4c7852046736bab361f7aeadeb6a5b89ebec3c7055a",
                "sha256:666dbfb6ec68962c033a450943ded891bed2d54e6755e35e5835d63f4f6931d5",
                "sha256:675d61ffbfa78604709862923189bad94014bef562cc35cf61d3a07bba02a7ed",
                "sha256:679b0076f67ecc0138fd2ede3a8fd196dddc2ad3254069bcb9faf9a79b1cebcd",
                "sha256:7349ab0fa0c429c82442a27a9673fc802ffdb7c7775fad780226cb234965e53c",
                "sha256:7ab55401287bfec946ced39700c053796e7cc0e3acbef09993a9ad2adba6ca6e",
                "sha256:7e50d0a0cc3189f9cb0aeb3a6a6af18c16f59f004b866cd2be1c14b36134a4a0",
                "sha256:95a7476c59002f2f6c590b9b7b998306fba6a5aa646b1e22ddfeaf8f78c3a29c",
                "sha256:96ff0b2ad353d8f990b63294c8986f1ec3cb19d749234014f4e7eb0112ceba5a",
                "sha256:9fad7dcb1aac3c7f0584a5a8133e3a43eeb2fe127f47e3632d43d677c66c102b",
                "sha256:9ff0f4f29c51e2803569d7a51c2304de5554655a60c5d776e35b4a41413830d0",
                "sha256:a354325ee03388678242a4d7ebcd08b5c727033fcff3b2f536aea978e15ee9e6",
                "sha256:a4abb4f9001ad2858e7ac189089c42178fcce737e4169dc61321660f1a96c7d2",
                "sha256:ab47dbe5cc8210f55aa58e4805fe224dac469cde56b9f731a4c098b91917159a",
                "sha256:afedb719a9dcfc7eaf2287b839d8198e06dcd4cb5d276a3df279231138e83d30",
                "sha256:b3ce300f3644fb06443ee2222c2201dd3a89ea6040541412b8fa189341847218",
                "sha256:b97fe8060236edf3662adfc2c633f56a08ae30560c56310562cb4f95500022d5",
                "sha256:bfe25acf8b437eb2a8b2d49d443800a5f18508cd811fea3181723922a8a82b07",
                "sha256:cd25bcecc4974d09257ffcd1f098ee778f7834c3ad767fe5db785be9a4aa9cb2",
                "sha256:d209d8969599b27ad20994c8e41936ee0964e6da07478d6c35016bc386b66ad4",
                "sha256:d5241e0a80d808d70546c697135da2c613f30e28251ff8307eb72ba696945764",
                "sha256:edd8b5fe47dab091176d21bb6de568acdd906d1887a4584a15a9a96a1dca06ef",
                "sha256:f870204a840a60da0b12273ef34f7051e98c3b5961b61b0c2c1be6dfd64fbcd3",
                "sha256:ffa75af20b44f8dba823498024771d5ac50620e6915abac414251bd971b4529f"
            ],
            "index": "pypi",
            "markers": "python_version >= '3.9'",
            "version": "==1.26.4"
        },
        "optree": {
            "hashes": [
                "sha256:01a0dc75c594c884d0ca502b8d169cec538e19a70883d2e5f5b9b08fce740958",
                "sha256:0304ec416258edebe2cd2a1ef71770e43405d5e7366ecbc134c520b4ab44d155",
                "sha256:06aed485ab9c94f5b45a18f956bcb89bf6bad29632421da69da268cb49adb37b",
                "sha256:07e9d75867ca39cce98375249b83a2033b0313cbfa32cbd06f93f7bc15104afc",
                "sha256:081e8bed7583b625819659d68288365bd4348b3c4281935a6ecfa53c93619b13",
                "sha256:09d11111194a6211e9d806828d29d932ad5f998ea156c76ad0e4d5da39654541",
                "sha256:0f9ea3208a14d1677c8966ea1eabe5b8f148424a8c3214ed4d4769beecd48a8a",
                "sha256:12188f6832c29dac37385a2f42fce961e303349909cff6d40e21cb27a8d09023",
                "sha256:1493f3e97f921b8742368406d3de390f051a7c405959e2088d72b4a4ff3f5394",
                "sha256:14e515b011d965bd3f7aeb021bb523265cb49fde47be0033ba5601e386fff90a",
                "sha256:17990fbc7f4c461de7ae546fc5661f6a248c3dcee966c89c2e2e5ad7f6228bae",
                "sha256:1a39bccc63223e040f36eb8b413fa1f94a190289eb82e7b384ed32d95d1ffd67",
                "sha256:1a99941604a5a958b4e1cbd0caa8b2339aa716babde0189a92843b39d2a77e48",
                "sha256:20b07d8a097b810d68b0ee35f287c1f0b7c9844133ada613a92cc10bade9cdbe",
                "sha256:21afadec56475f2a13670b8ecf7b767af4feb3ba5bd3a246cbbd8c1822e2a664",
                "sha256:2245f9a9fd5c7f042f07a476695fd4f6074f85036b5ff3d004f4da121220bf56",
                "sha256:27031f507828c18606047e695129e9ec9678cd4321f57856da59c7fcc8f8666c",
                "sha256:29e1fa90153908d968a2fcebf62bbbc0b434b5a75463a202c33ba3e13dc170ea",
                "sha256:3d237605b277d5600748c8a6f83f65e00c294b000ac8772f473fa41eb587ca15",
                "sha256:44cb5d1e5317dbb3044ad4b76af2d4f5e51de73d6ff6e858077d8af00756fe16",
                "sha256:47ce7e9d81eaed5a05004df1fa279d2608e063dd5eb236e9c95803b4fa0a286c",
                "sha256:4aad5023686cd7caad68d70ad3706b82cfe9ae8ff9a13c08c1edef2a9b4c9d72",
                "sha256:4ab606720ae319cb43da47c71d7d5fa7cfbb6a02e6da4857331e6f93800c970e",
                "sha256:4ba65d4c48d76bd5caac7f0b1b8db55223c1c3707d26f6d1d2ff18baf6f81850",
                "sha256:5614aebb65a18db496bbdf8b6ce4873779be5352cc91c7e2372984eaf1d4cce4",
                "sha256:59d8d252cb83465ecac2f7ff457489606a56316fe8b8f7635770ee8e27b6a3b8",
                "sha256:655ab99f9f9570fbb124f81fdf7e480250b59b1f1d9bd07df04c8751eecc1450",
                "sha256:6676b8c3f4cd4c8d8d052b66767a9e4cf852627bf256da6e49d2c38a95f07712",
                "sha256:6828639b01ba1177c04875dd9529d938d7b28122c97e7ae14ec41c68ec22826c",
                "sha256:6e73e390520a545ebcaa0b77fd77943a85d1952df658268129e6c523d4d38972",
                "sha256:759a72e6dcca3e7239d202a253e1e8e44e8df5033a5e178df585778ac85ddd13",
                "sha256:7614ad2f7bde7b905c897011be573d89a9cb5cf851784ee8efb0020d8e067b27",
                "sha256:76ffc2dd8c754e95495163dde55b38dc37e6712b6a3bc7f2190b0547a2c403bb",
                "sha256:7e10e5c2a8110f5f4fbc999ff8580d1db3a915f851f63f602fff3bbd250ffa20",
                "sha256:7f00e6f011f021ae470efe070ec4d2339fb1a8cd0dcdd16fe3dab782a47aba45",
                "sha256:8678ac0cdf752d6194f75637f3cd19af9071bc00967b05f00aff48727d373aab",
                "sha256:8ec6d3040b1cbfe3f0bc045a3302ee9f9e329c2cd96e928360d22e1cfd9d973a",
                "sha256:8f958a20a311854aaab8bdd0f124aab5b9848f07976b54da3e95526a491aa860",
                "sha256:90dae741d683cbc47cba16a1b4af3c0d5d8c1042efb7c4aec7664a4f3f07eca2",
                "sha256:927b579a76c13b9328580c09dd4a9947646531f0a371a170a785002c50dedb94",
                "sha256:93c74eed0f52818c30212dba4867f5672e498567bad49dcdffbe8db6703a0d65",
                "sha256:9810e84466025da55ce19ac6b2b79a5cb2c0c1349d318a17504f6e44528221f8",
                "sha256:9c7d101a15be39a9c7c4afae9f0bb85f682eb7d719117e2f9e5fb39c9f6f2c92",
                "sha256:9c82f0e88f43b5ec57b8e225175003dc6624dfa400fb56c18c0e4b4667bef805",
                "sha256:9cfc5771115f85b0bfa8f72cce1599186fd6a0ea71c8154d8b2751d9170be428",
                "sha256:9fa9fb0197cd7b5f2b1fa7e05d30946b3b79bcfc3608fe54dbfc67969895cac9",
                "sha256:a1f185b0d21bc4dda1f4fd03f5ba9e2bc9d28ca14bce3ce3d36b5817140a345e",
                "sha256:a6103a3d33cc300ea567f373680e29a29ae854e8775bf87231aae12664b4732e",
                "sha256:a68a813a2141493566178ae87e1906856f1549e2c3e439ff76801f8fb05bd3a7",
                "sha256:aad3878acdb082701e5f77a153cd86af8819659bfa7e27debd0dc1a52f16c365",
                "sha256:aae337ab30b45a096eb5b4ffc3ad8909731617543a7eb288e0b297b9d10a241f",
                "sha256:ad409276099b89fb5077b0b9311c9e8500086888eba9c77546353c18d520bfe5",
                "sha256:ae66e98634f0c843c5c6b4f27508200971c1a66b726db29c30aba368cf23de5f",
                "sha256:b30673fe30d4d77eef18534420491c27837f0b55dfe18107cfd9eca39a62de3b",
                "sha256:b31c88af70e3f5c14ff2aacd38c4076e6cde98f75169fe0bb59543f01bfb9719",
                "sha256:ba2eee9de9d57e145b4c1a71749f7f8b8fe1c645abbb306d4a26cfa45a9cdbb5",
                "sha256:bc440f81f738d9c822030c3b4f53b6dec9ceb52410f02fd06b9338dc25a8447f",
                "sha256:c15d98e6f587badb9df67d67fa914fcfa0b63db2db270951915c563816c29f3d",
                "sha256:c3122f73eca03e38712ceee16a6acf75d5244ba8b8d1adf5cd6613d1a60a6c26",
                "sha256:c45593a818c67b72fd0beaeaa6410fa3c5debd39af500127fa367f8ee1f4bd8e",
                "sha256:c6d6ab3717d48e0e747d9e348e23be1fa0f8a812f73632face6303c438d259ba",
                "sha256:ce2a8d57b8fe0179f967494a7d19cff18f8cc0f2e9aff0ed2cb5e5605475a19a",
                "sha256:cf790dd21dcaa0857888c03233276f5513821abfe605964e825837a30a24f0d7",
                "sha256:d00a45e3b192093ef2cd32bf0d541ecbfc93c1bd73a5f3fe36293499f28a50cf",
                "sha256:d0f378d08b8a09f7e495c49cd94141c1acebc2aa7d567d7dd2cb44a707f29268",
                "sha256:d13c5d7d9af345bc96f441bfb313e4286f4495a20d29ad6499a8923c581c593e",
                "sha256:d1feca7404e69a0860940c9cf6a4e3af23457613c4c2338991dc9355dfbbc1ab",
                "sha256:d6525d6a550a1030957e5205e57a415d608a9f7561154e0fb29670e967424578",
                "sha256:d7b8ce7d13580985922dcfbda515da3f004cd7cb1b03320b96ea32d8cfd76392",
                "sha256:daccdb583abaab14346f0af316ee570152a5c058e7b9fb09d8f8171fe751f2b3",
                "sha256:def382dbd35ab715008c8604d64c67baf0d97a5f7389a56b5148bbfc9bb006a7",
                "sha256:def5b08f219c31edd029b47624e689ffa07747b0694222156f28a28d341d29ac",
                "sha256:e0162a36a6cedb0829efe980d0b370d4e5970fdb28a6609daa2c906d547add5f",
                "sha256:e4e440de109529ce919d0a0a4fa234d3b949da6f99630c9406c9f21160800831",
                "sha256:e63b965b62f461513983095750fd1331cad5674153bf3811bd7e2748044df4cd",
                "sha256:e7e0fb32ea05beec7d46a79e4c03701f060a2cfbd5ffa89abaf7b7d17e2d28aa",
                "sha256:eb9c51d728485f5908111191b5403a3f9bc310d121a981f29fad45750b9ff89c",
                "sha256:ebd608b02cb207e4851983b78f57e800c542758f131abe3b23cd4a5f0153676c",
                "sha256:f0392bebcd24fc70ca9a397c1eb2373727fa775e1007f27f3983c50f16a98e45",
                "sha256:f71d4759de0c4abc132dab69d1aa6ea4561ba748efabeee7b25db57c08652b79",
                "sha256:f8d58949ef132beb3a025ace512a71a0fcf92e0e5ef350f289f33a782ae6cb85",
                "sha256:fef87f006da3c4dfc914f6c0f863c7f4712e958f56c991c320b06026e9ccfd87"
            ],
            "markers": "python_version >= '3.8'",
            "version": "==0.15.0"
        },
        "packaging": {
            "hashes": [
                "sha256:29572ef2b1f17581046b3a2227d5c611fb25ec70ca1ba8554b24b0e69331a484",
                "sha256:d443872c98d677bf60f6a1f2f8c1cb748e8fe762d2bf9d3148b5599295b0fc4f"
            ],
            "markers": "python_version >= '3.8'",
            "version": "==25.0"
        },
        "pydantic": {
            "hashes": [
                "sha256:6f62c13d067b0755ad1c21a34bdd06c0c12625a22b0fc09c6b149816604f7c2a",
                "sha256:73ee9fddd406dc318b885c7a2eab8a6472b68b8fb5ba8150949fc3db939f23c8"
            ],
            "index": "pypi",
            "markers": "python_version >= '3.8'",
            "version": "==2.8.2"
        },
        "pydantic-core": {
            "hashes": [
                "sha256:035ede2e16da7281041f0e626459bcae33ed998cca6a0a007a5ebb73414ac72d",
                "sha256:04024d270cf63f586ad41fff13fde4311c4fc13ea74676962c876d9577bcc78f",
                "sha256:0827505a5c87e8aa285dc31e9ec7f4a17c81a813d45f70b1d9164e03a813a686",
                "sha256:084659fac3c83fd674596612aeff6041a18402f1e1bc19ca39e417d554468482",
                "sha256:10d4204d8ca33146e761c79f83cc861df20e7ae9f6487ca290a97702daf56006",
                "sha256:11b71d67b4725e7e2a9f6e9c0ac1239bbc0c48cce3dc59f98635efc57d6dac83",
                "sha256:150906b40ff188a3260cbee25380e7494ee85048584998c1e66df0c7a11c17a6",
                "sha256:175873691124f3d0da55aeea1d90660a6ea7a3cfea137c38afa0a5ffabe37b88",
                "sha256:177f55a886d74f1808763976ac4efd29b7ed15c69f4d838bbd74d9d09cf6fa86",
                "sha256:19c0fa39fa154e7e0b7f82f88ef85faa2a4c23cc65aae2f5aea625e3c13c735a",
                "sha256:1eedfeb6089ed3fad42e81a67755846ad4dcc14d73698c120a82e4ccf0f1f9f6",
                "sha256:225b67a1f6d602de0ce7f6c1c3ae89a4aa25d3de9be857999e9124f15dab486a",
                "sha256:242b8feb3c493ab78be289c034a1f659e8826e2233786e36f2893a950a719bb6",
                "sha256:254ec27fdb5b1ee60684f91683be95e5133c994cc54e86a0b0963afa25c8f8a6",
                "sha256:25e9185e2d06c16ee438ed39bf62935ec436474a6ac4f9358524220f1b236e43",
                "sha256:26ab812fa0c845df815e506be30337e2df27e88399b985d0bb4e3ecfe72df31c",
                "sha256:26ca695eeee5f9f1aeeb211ffc12f10bcb6f71e2989988fda61dabd65db878d4",
                "sha256:26dc97754b57d2fd00ac2b24dfa341abffc380b823211994c4efac7f13b9e90e",
                "sha256:270755f15174fb983890c49881e93f8f1b80f0b5e3a3cc1394a255706cabd203",
                "sha256:2aafc5a503855ea5885559eae883978c9b6d8c8993d67766ee73d82e841300dd",
                "sha256:2d036c7187b9422ae5b262badb87a20a49eb6c5238b2004e96d4da1231badef1",
                "sha256:33499e85e739a4b60c9dac710c20a08dc73cb3240c9a0e22325e671b27b70d24",
                "sha256:37eee5b638f0e0dcd18d21f59b679686bbd18917b87db0193ae36f9c23c355fc",
                "sha256:38cf1c40a921d05c5edc61a785c0ddb4bed67827069f535d794ce6bcded919fc",
                "sha256:3acae97ffd19bf091c72df4d726d552c473f3576409b2a7ca36b2f535ffff4a3",
                "sha256:3c5ebac750d9d5f2706654c638c041635c385596caf68f81342011ddfa1e5598",
                "sha256:3d482efec8b7dc6bfaedc0f166b2ce349df0011f5d2f1f25537ced4cfc34fd98",
                "sha256:407653af5617f0757261ae249d3fba09504d7a71ab36ac057c938572d1bc9331",
                "sha256:40a783fb7ee353c50bd3853e626f15677ea527ae556429453685ae32280c19c2",
                "sha256:41e81317dd6a0127cabce83c0c9c3fbecceae981c8391e6f1dec88a77c8a569a",
                "sha256:41f4c96227a67a013e7de5ff8f20fb496ce573893b7f4f2707d065907bffdbd6",
                "sha256:469f29f9093c9d834432034d33f5fe45699e664f12a13bf38c04967ce233d688",
                "sha256:4745f4ac52cc6686390c40eaa01d48b18997cb130833154801a442323cc78f91",
                "sha256:4868f6bd7c9d98904b748a2653031fc9c2f85b6237009d475b1008bfaeb0a5aa",
                "sha256:4aa223cd1e36b642092c326d694d8bf59b71ddddc94cdb752bbbb1c5c91d833b",
                "sha256:4dd484681c15e6b9a977c785a345d3e378d72678fd5f1f3c0509608da24f2ac0",
                "sha256:4f2790949cf385d985a31984907fecb3896999329103df4e4983a4a41e13e840",
                "sha256:512ecfbefef6dac7bc5eaaf46177b2de58cdf7acac8793fe033b24ece0b9566c",
                "sha256:516d9227919612425c8ef1c9b869bbbee249bc91912c8aaffb66116c0b447ebd",
                "sha256:53e431da3fc53360db73eedf6f7124d1076e1b4ee4276b36fb25514544ceb4a3",
                "sha256:595ba5be69b35777474fa07f80fc260ea71255656191adb22a8c53aba4479231",
                "sha256:5b5ff4911aea936a47d9376fd3ab17e970cc543d1b68921886e7f64bd28308d1",
                "sha256:5d41e6daee2813ecceea8eda38062d69e280b39df793f5a942fa515b8ed67953",
                "sha256:5e999ba8dd90e93d57410c5e67ebb67ffcaadcea0ad973240fdfd3a135506250",
                "sha256:5f239eb799a2081495ea659d8d4a43a8f42cd1fe9ff2e7e436295c38a10c286a",
                "sha256:635fee4e041ab9c479e31edda27fcf966ea9614fff1317e280d99eb3e5ab6fe2",
                "sha256:65db0f2eefcaad1a3950f498aabb4875c8890438bc80b19362cf633b87a8ab20",
                "sha256:6b507132dcfc0dea440cce23ee2182c0ce7aba7054576efc65634f080dbe9434",
                "sha256:6b9d9bb600328a1ce523ab4f454859e9d439150abb0906c5a1983c146580ebab",
                "sha256:70c8daf4faca8da5a6d655f9af86faf6ec2e1768f4b8b9d0226c02f3d6209703",
                "sha256:77bf3ac639c1ff567ae3b47f8d4cc3dc20f9966a2a6dd2311dcc055d3d04fb8a",
                "sha256:784c1214cb6dd1e3b15dd8b91b9a53852aed16671cc3fbe4786f4f1db07089e2",
                "sha256:7eb6a0587eded33aeefea9f916899d42b1799b7b14b8f8ff2753c0ac1741edac",
                "sha256:7ed1b0132f24beeec5a78b67d9388656d03e6a7c837394f99257e2d55b461611",
                "sha256:8ad4aeb3e9a97286573c03df758fc7627aecdd02f1da04516a86dc159bf70121",
                "sha256:964faa8a861d2664f0c7ab0c181af0bea66098b1919439815ca8803ef136fc4e",
                "sha256:9dc1b507c12eb0481d071f3c1808f0529ad41dc415d0ca11f7ebfc666e66a18b",
                "sha256:9ebfef07dbe1d93efb94b4700f2d278494e9162565a54f124c404a5656d7ff09",
                "sha256:a45f84b09ac9c3d35dfcf6a27fd0634d30d183205230a0ebe8373a0e8cfa0906",
                "sha256:a4f55095ad087474999ee28d3398bae183a66be4823f753cd7d67dd0153427c9",
                "sha256:a6d511cc297ff0883bc3708b465ff82d7560193169a8b93260f74ecb0a5e08a7",
                "sha256:a8ad4c766d3f33ba8fd692f9aa297c9058970530a32c728a2c4bfd2616d3358b",
                "sha256:aa2f457b4af386254372dfa78a2eda2563680d982422641a85f271c859df1987",
                "sha256:b03f7941783b4c4a26051846dea594628b38f6940a2fdc0df00b221aed39314c",
                "sha256:b0dae11d8f5ded51699c74d9548dcc5938e0804cc8298ec0aa0da95c21fff57b",
                "sha256:b91ced227c41aa29c672814f50dbb05ec93536abf8f43cd14ec9521ea09afe4e",
                "sha256:bc633a9fe1eb87e250b5c57d389cf28998e4292336926b0b6cdaee353f89a237",
                "sha256:bebb4d6715c814597f85297c332297c6ce81e29436125ca59d1159b07f423eb1",
                "sha256:c336a6d235522a62fef872c6295a42ecb0c4e1d0f1a3e500fe949415761b8a19",
                "sha256:c6514f963b023aeee506678a1cf821fe31159b925c4b76fe2afa94cc70b3222b",
                "sha256:c693e916709c2465b02ca0ad7b387c4f8423d1db7b4649c551f27a529181c5ad",
                "sha256:c81131869240e3e568916ef4c307f8b99583efaa60a8112ef27a366eefba8ef0",
                "sha256:d02a72df14dfdbaf228424573a07af10637bd490f0901cee872c4f434a735b94",
                "sha256:d2a8fa9d6d6f891f3deec72f5cc668e6f66b188ab14bb1ab52422fe8e644f312",
                "sha256:d2b27e6af28f07e2f195552b37d7d66b150adbaa39a6d327766ffd695799780f",
                "sha256:d2fe69c5434391727efa54b47a1e7986bb0186e72a41b203df8f5b0a19a4f669",
                "sha256:d3f3ed29cd9f978c604708511a1f9c2fdcb6c38b9aae36a51905b8811ee5cbf1",
                "sha256:d573faf8eb7e6b1cbbcb4f5b247c60ca8be39fe2c674495df0eb4318303137fe",
                "sha256:e0bbdd76ce9aa5d4209d65f2b27fc6e5ef1312ae6c5333c26db3f5ade53a1e99",
                "sha256:e7c4ea22b6739b162c9ecaaa41d718dfad48a244909fe7ef4b54c0b530effc5a",
                "sha256:e93e1a4b4b33daed65d781a57a522ff153dcf748dee70b40c7258c5861e1768a",
                "sha256:e97fdf088d4b31ff4ba35db26d9cc472ac7ef4a2ff2badeabf8d727b3377fc52",
                "sha256:e9fa4c9bf273ca41f940bceb86922a7667cd5bf90e95dbb157cbb8441008482c",
                "sha256:eaad4ff2de1c3823fddf82f41121bdf453d922e9a238642b1dedb33c4e4f98ad",
                "sha256:f1f62b2413c3a0e846c3b838b2ecd6c7a19ec6793b2a522745b0869e37ab5bc1",
                "sha256:f6d6cff3538391e8486a431569b77921adfcdef14eb18fbf19b7c0a5294d4e6a",
                "sha256:f9aa05d09ecf4c75157197f27cdc9cfaeb7c5f15021c6373932bf3e124af029f",
                "sha256:fa2fddcb7107e0d1808086ca306dcade7df60a13a6c347a7acf1ec139aa6789a",
                "sha256:faa6b09ee09433b87992fb5a2859efd1c264ddc37280d2dd5db502126d0e7f27"
            ],
            "markers": "python_version >= '3.8'",
            "version": "==2.20.1"
        },
        "pygments": {
            "hashes": [
                "sha256:61c16d2a8576dc0649d9f39e089b5f02bcd27fba10d8fb4dcc28173f7a45151f",
                "sha256:9ea1544ad55cecf4b8242fab6dd35a93bbce657034b0611ee383099054ab6d8c"
            ],
            "markers": "python_version >= '3.8'",
            "version": "==2.19.1"
        },
        "rich": {
            "hashes": [
                "sha256:1c9491e1951aac09caffd42f448ee3d04e58923ffe14993f6e83068dc395d7e0",
                "sha256:82f1bc23a6a21ebca4ae0c45af9bdbc492ed20231dcb63f297d6d1021a9d5725"
            ],
            "markers": "python_full_version >= '3.8.0'",
            "version": "==14.0.0"
        },
        "setuptools": {
            "hashes": [
                "sha256:31e2c58dbb67c99c289f51c16d899afedae292b978f8051efaf6262d8212f927",
                "sha256:ea8e00d7992054c4c592aeb892f6ad51fe1b4d90cc6947cc45c45717c40ec537"
            ],
            "markers": "python_version >= '3.9'",
            "version": "==80.3.1"
        },
        "sniffio": {
            "hashes": [
                "sha256:2f6da418d1f1e0fddd844478f41680e794e6051915791a034ff65e5f100525a2",
                "sha256:f4324edc670a0f49750a81b895f35c3adb843cca46f0530f79fc1babb23789dc"
            ],
            "markers": "python_version >= '3.7'",
            "version": "==1.3.1"
        },
        "starlette": {
            "hashes": [
                "sha256:595633ce89f8ffa71a015caed34a5b2dc1c0cdb3f0f1fbd1e69339cf2abeec35",
                "sha256:7f7361f34eed179294600af672f565727419830b54b7b084efe44bb82d2fccd5"
            ],
            "markers": "python_version >= '3.9'",
            "version": "==0.46.2"
        },
        "sympy": {
            "hashes": [
                "sha256:d3d3fe8df1e5a0b42f0e7bdf50541697dbe7d23746e894990c030e2b05e72517",
                "sha256:e091cc3e99d2141a0ba2847328f5479b05d94a6635cb96148ccb3f34671bd8f5"
            ],
            "markers": "python_version >= '3.9'",
            "version": "==1.14.0"
        },
        "torch": {
            "hashes": [
                "sha256:0a8d43caa342b9986101ec5feb5bbf1d86570b5caa01e9cb426378311258fdde",
                "sha256:0b9960183b6e5b71239a3e6c883d8852c304e691c0b2955f7045e8a6d05b9183",
                "sha256:15aab3e31c16feb12ae0a88dba3434a458874636f360c567caa6a91f6bfba481",
                "sha256:176300ff5bc11a5f5b0784e40bde9e10a35c4ae9609beed96b4aeb46a27f5fae",
                "sha256:27f5007bdf45f7bb7af7f11d1828d5c2487e030690afb3d89a651fd7036a390e",
                "sha256:2a885fc25afefb6e6eb18a7d1e8bfa01cc153e92271d980a49243b250d5ab6d9",
                "sha256:2ad79d0d8c2a20a37c5df6052ec67c2078a2c4e9a96dd3a8b55daaff6d28ea29",
                "sha256:2b7813e904757b125faf1a9a3154e1d50381d539ced34da1992f52440567c156",
                "sha256:30b7688a87239a7de83f269333651d8e582afffce6f591fff08c046f7787296e",
                "sha256:34e0168ed6de99121612d72224e59b2a58a83dae64999990eada7260c5dd582d",
                "sha256:36a6368c7ace41ad1c0f69f18056020b6a5ca47bedaca9a2f3b578f5a104c26c",
                "sha256:434cf3b378340efc87c758f250e884f34460624c0523fe5c9b518d205c91dd1b",
                "sha256:58df8d5c2eeb81305760282b5069ea4442791a6bbf0c74d9069b7b3304ff8a37",
                "sha256:868ccdc11798535b5727509480cd1d86d74220cfdc42842c4617338c1109a205",
                "sha256:87b0802cab44659fcb6bcf5678d58fa4a8b48561cde8fb2d317edf0b6990e1bb",
                "sha256:9b52347118116cf3dff2ab5a3c3dd97c719eb924ac658ca2a7335652076df708",
                "sha256:c9afea41b11e1a1ab1b258a5c31afbd646d6319042bfe4f231b408034b51128b",
                "sha256:ccd7509141713997861b7a947ef0a717143cd7e9240addd168f38ba8fd23fd56",
                "sha256:d0ca446a93f474985d81dc866fcc8dccefb9460a29a456f79d99c29a78a66993",
                "sha256:e362efaa5b3078e5f75c33efc05005b9b46de0d2e899519d5b4cad0e050ed0f7",
                "sha256:edad98dddd82220465b106506bb91ee5ce32bd075cddbcf2b443dfaa2cbd83bf",
                "sha256:f56d4b2510934e072bab3ab8987e00e60e1262fb238176168f5e0c43a1320c6d",
                "sha256:fc1ed9258cbfce69970ff508ea60881818d414d098a800b7695ba36f570d34b0",
                "sha256:fd5cfbb4c3bbadd57ad1b27d56a28008f8d8753733411a140fcfb84d7f933a25"
            ],
            "index": "pypi",
            "markers": "python_full_version >= '3.9.0'",
            "version": "==2.7.0"
        },
        "typing-extensions": {
            "hashes": [
                "sha256:a439e7c04b49fec3e5d3e2beaa21755cadbbdc391694e28ccdd36ca4a1408f8c",
                "sha256:e6c81219bd689f51865d9e372991c540bda33a0379d5573cddb9a3a23f7caaef"
            ],
            "markers": "python_version >= '3.8'",
            "version": "==4.13.2"
        },
        "uvicorn": {
            "hashes": [
                "sha256:0e929828f6186353a80b58ea719861d2629d766293b6d19baf086ba31d4f3328",
                "sha256:deb49af569084536d269fe0a6d67e3754f104cf03aba7c11c40f01aadf33c403"
            ],
            "index": "pypi",
            "markers": "python_version >= '3.9'",
            "version": "==0.34.2"
        }
    },
    "develop": {}
}
